{
  "requires": true,
  "lockfileVersion": 1,
  "dependencies": {
    "@types/chart.js": {
      "version": "2.9.35",
      "resolved": "https://registry.npmjs.org/@types/chart.js/-/chart.js-2.9.35.tgz",
      "integrity": "sha512-MWx/zZlh4wHBbM4Tm4YsZyYGb1/LkTiFLFwX/FXb0EJCvXX2xWTRHwlJ2RAAEXWxLrOdaAWP8vFtJXny+4CpEw==",
      "requires": {
        "moment": "^2.10.2"
      }
    },
    "@vue/reactivity": {
      "version": "3.2.31",
      "resolved": "https://registry.npmjs.org/@vue/reactivity/-/reactivity-3.2.31.tgz",
      "integrity": "sha512-HVr0l211gbhpEKYr2hYe7hRsV91uIVGFYNHj73njbARVGHQvIojkImKMaZNDdoDZOIkMsBc9a1sMqR+WZwfSCw==",
      "requires": {
        "@vue/shared": "3.2.31"
      }
    },
    "@vue/runtime-core": {
      "version": "3.2.31",
      "resolved": "https://registry.npmjs.org/@vue/runtime-core/-/runtime-core-3.2.31.tgz",
      "integrity": "sha512-Kcog5XmSY7VHFEMuk4+Gap8gUssYMZ2+w+cmGI6OpZWYOEIcbE0TPzzPHi+8XTzAgx1w/ZxDFcXhZeXN5eKWsA==",
      "requires": {
        "@vue/reactivity": "3.2.31",
        "@vue/shared": "3.2.31"
      }
    },
    "@vue/runtime-dom": {
      "version": "3.2.31",
      "resolved": "https://registry.npmjs.org/@vue/runtime-dom/-/runtime-dom-3.2.31.tgz",
      "integrity": "sha512-N+o0sICVLScUjfLG7u9u5XCjvmsexAiPt17GNnaWHJUfsKed5e85/A3SWgKxzlxx2SW/Hw7RQxzxbXez9PtY3g==",
      "requires": {
        "@vue/runtime-core": "3.2.31",
        "@vue/shared": "3.2.31",
        "csstype": "^2.6.8"
      },
      "dependencies": {
        "csstype": {
          "version": "2.6.19",
          "resolved": "https://registry.npmjs.org/csstype/-/csstype-2.6.19.tgz",
          "integrity": "sha512-ZVxXaNy28/k3kJg0Fou5MiYpp88j7H9hLZp8PDC3jV0WFjfH5E9xHb56L0W59cPbKbcHXeP4qyT8PrHp8t6LcQ=="
        }
      }
    },
    "@vue/shared": {
      "version": "3.2.31",
      "resolved": "https://registry.npmjs.org/@vue/shared/-/shared-3.2.31.tgz",
      "integrity": "sha512-ymN2pj6zEjiKJZbrf98UM2pfDd6F2H7ksKw7NDt/ZZ1fh5Ei39X5tABugtT03ZRlWd9imccoK0hE8hpjpU7irQ=="
    },
    "chart.js": {
      "version": "3.7.1",
      "resolved": "https://registry.npmjs.org/chart.js/-/chart.js-3.7.1.tgz",
      "integrity": "sha512-8knRegQLFnPQAheZV8MjxIXc5gQEfDFD897BJgv/klO/vtIyFFmgMXrNfgrXpbTr/XbTturxRgxIXx/Y+ASJBA=="
    },
    "csstype": {
      "version": "3.0.10",
      "resolved": "https://registry.npmjs.org/csstype/-/csstype-3.0.10.tgz",
      "integrity": "sha512-2u44ZG2OcNUO9HDp/Jl8C07x6pU/eTR3ncV91SiK3dhG9TWvRVsCoJw14Ckx5DgWkzGA3waZWO3d7pgqpUI/XA=="
    },
    "lodash": {
      "version": "4.17.21",
      "resolved": "https://registry.npmjs.org/lodash/-/lodash-4.17.21.tgz",
      "integrity": "sha512-v2kDEe57lecTulaDIuNTPy3Ry4gLGJ6Z1O3vE1krgXZNrsQ+LFTGHVxVjcXPs17LhbZVGedAJv8XZ1tvj5FvSg=="
    },
    "moment": {
      "version": "2.29.1",
      "resolved": "https://registry.npmjs.org/moment/-/moment-2.29.1.tgz",
      "integrity": "sha512-kHmoybcPV8Sqy59DwNDY3Jefr64lK/by/da0ViFcuA4DH0vQg5Q6Ze5VimxkfQNSC+Mls/Kx53s7TjP1RhFEDQ=="
    },
    "nanoid": {
      "version": "3.1.31",
      "resolved": "https://registry.npmjs.org/nanoid/-/nanoid-3.1.31.tgz",
      "integrity": "sha512-ZivnJm0o9bb13p2Ot5CpgC2rQdzB9Uxm/mFZweqm5eMViqOJe3PV6LU2E30SiLgheesmcPrjquqraoolONSA0A=="
    },
    "vue-chart-3": {
      "version": "3.0.9",
      "resolved": "https://registry.npmjs.org/vue-chart-3/-/vue-chart-3-3.0.9.tgz",
      "integrity": "sha512-RyVaOhSem0v4v645zAkdi1mgZjuD3KMQr11KrEZGFupoHzV2qn/sBpEDvplR9i57YnRxZ3KDnKqw/1rx2CkOZA==",
      "requires": {
        "@vue/runtime-core": "^3.2.31",
        "@vue/runtime-dom": "^3.2.31",
        "csstype": "3.0.10",
        "lodash": "^4.17.21",
        "nanoid": "3.1.31"
      }
    },
    "vue-chartjs": {
      "version": "3.5.1",
      "resolved": "https://registry.npmjs.org/vue-chartjs/-/vue-chartjs-3.5.1.tgz",
      "integrity": "sha512-foocQbJ7FtveICxb4EV5QuVpo6d8CmZFmAopBppDIGKY+esJV8IJgwmEW0RexQhxqXaL/E1xNURsgFFYyKzS/g==",
      "requires": {
        "@types/chart.js": "^2.7.55"
      }
    },
    "vue-chartjs-typescript": {
      "version": "3.3.3",
      "resolved": "https://registry.npmjs.org/vue-chartjs-typescript/-/vue-chartjs-typescript-3.3.3.tgz",
      "integrity": "sha512-f1h+V8Qm12jxEhWn/ySoMf2ztj3T2Njmvz8vMbO9Cme0a9Oa18VaA6C+o/e6lJ5j6RPYGj+lAH5WntM5SBx+VQ=="
    },
    "vue-property-decorator": {
      "version": "9.1.2",
      "resolved": "https://registry.npmjs.org/vue-property-decorator/-/vue-property-decorator-9.1.2.tgz",
      "integrity": "sha512-xYA8MkZynPBGd/w5QFJ2d/NM0z/YeegMqYTphy7NJQXbZcuU6FC6AOdUAcy4SXP+YnkerC6AfH+ldg7PDk9ESQ=="
    }
  }
}
